
Microsoft Visual Studio Solution File, Format Version 12.00
# Visual Studio Version 16
VisualStudioVersion = 16.0.31911.196
MinimumVisualStudioVersion = 10.0.40219.1
Project("{D954291E-2A0B-460D-934E-DC6B0785DB48}") = "POSUNO.Shared", "POSUNO\POSUNO.Shared\POSUNO.Shared.shproj", "{6279C845-92F8-4333-AB99-3D213163593C}"
EndProject
Project("{2150E333-8FDC-42A3-9474-1A3956D46DE8}") = "Platforms", "Platforms", "{D8E3FA75-B29B-4990-B6F4-378A4A69FAE7}"
EndProject
Project("{FAE04EC0-301F-11D3-BF4B-00C04F79EFBC}") = "POSUNO.Droid", "POSUNO\POSUNO.Droid\POSUNO.Droid.csproj", "{643478CD-8D05-4B7D-BA25-106AEDA055FF}"
EndProject
Project("{FAE04EC0-301F-11D3-BF4B-00C04F79EFBC}") = "POSUNO.iOS", "POSUNO\POSUNO.iOS\POSUNO.iOS.csproj", "{86FD5D66-BFC9-4AA5-B536-A5569844468D}"
EndProject
Project("{FAE04EC0-301F-11D3-BF4B-00C04F79EFBC}") = "POSUNO.UWP", "POSUNO\POSUNO.UWP\POSUNO.UWP.csproj", "{6DFE52B3-9554-4120-99A5-7E2AF1FA290A}"
EndProject
Project("{9A19103F-16F7-4668-BE54-9A1E7A4F7556}") = "POSUNO.Wasm", "POSUNO\POSUNO.Wasm\POSUNO.Wasm.csproj", "{B59A51ED-F95E-4C28-A7D1-38F9097DA6E3}"
EndProject
Project("{FAE04EC0-301F-11D3-BF4B-00C04F79EFBC}") = "POSUNO.macOS", "POSUNO\POSUNO.macOS\POSUNO.macOS.csproj", "{E6DB49DB-1682-4DEF-B9BA-C6300C269CF9}"
EndProject
Project("{9A19103F-16F7-4668-BE54-9A1E7A4F7556}") = "POSUNO.Skia.Wpf.Host", "POSUNO\POSUNO.Skia.Wpf.Host\POSUNO.Skia.Wpf.Host.csproj", "{2B155F39-A2EB-46D7-B9A9-6D29C397530E}"
EndProject
Project("{9A19103F-16F7-4668-BE54-9A1E7A4F7556}") = "POSUNO.Skia.Wpf", "POSUNO\POSUNO.Skia.Wpf\POSUNO.Skia.Wpf.csproj", "{C4DF7DB3-11F8-4D7A-8500-84A3E208A5C4}"
EndProject
Project("{9A19103F-16F7-4668-BE54-9A1E7A4F7556}") = "POSUNO.Skia.Gtk", "POSUNO\POSUNO.Skia.Gtk\POSUNO.Skia.Gtk.csproj", "{2D07019A-15CC-4915-B249-9CC27EE604ED}"
EndProject
Project("{9A19103F-16F7-4668-BE54-9A1E7A4F7556}") = "POSUNO.Skia.Tizen", "POSUNO\POSUNO.Skia.Tizen\POSUNO.Skia.Tizen.csproj", "{B6F2515D-18DB-415D-8694-293AAF74BBB7}"
EndProject
Project("{9A19103F-16F7-4668-BE54-9A1E7A4F7556}") = "POSUNO.Api", "POSUNO.Api\POSUNO.Api.csproj", "{696291E0-BD84-47B9-8375-4907394F4D9F}"
EndProject
Global
	GlobalSection(SharedMSBuildProjectFiles) = preSolution
		POSUNO\POSUNO.Shared\POSUNO.Shared.projitems*{2d07019a-15cc-4915-b249-9cc27ee604ed}*SharedItemsImports = 5
		POSUNO\POSUNO.Shared\POSUNO.Shared.projitems*{6279c845-92f8-4333-ab99-3d213163593c}*SharedItemsImports = 13
		POSUNO\POSUNO.Shared\POSUNO.Shared.projitems*{643478cd-8d05-4b7d-ba25-106aeda055ff}*SharedItemsImports = 4
		POSUNO\POSUNO.Shared\POSUNO.Shared.projitems*{6dfe52b3-9554-4120-99a5-7e2af1fa290a}*SharedItemsImports = 4
		POSUNO\POSUNO.Shared\POSUNO.Shared.projitems*{86fd5d66-bfc9-4aa5-b536-a5569844468d}*SharedItemsImports = 4
		POSUNO\POSUNO.Shared\POSUNO.Shared.projitems*{b59a51ed-f95e-4c28-a7d1-38f9097da6e3}*SharedItemsImports = 5
		POSUNO\POSUNO.Shared\POSUNO.Shared.projitems*{b6f2515d-18db-415d-8694-293aaf74bbb7}*SharedItemsImports = 5
		POSUNO\POSUNO.Shared\POSUNO.Shared.projitems*{c4df7db3-11f8-4d7a-8500-84a3e208a5c4}*SharedItemsImports = 5
		POSUNO\POSUNO.Shared\POSUNO.Shared.projitems*{e6db49db-1682-4def-b9ba-c6300c269cf9}*SharedItemsImports = 4
	EndGlobalSection
	GlobalSection(SolutionConfigurationPlatforms) = preSolution
		Ad-Hoc|Any CPU = Ad-Hoc|Any CPU
		Ad-Hoc|ARM = Ad-Hoc|ARM
		Ad-Hoc|ARM64 = Ad-Hoc|ARM64
		Ad-Hoc|iPhone = Ad-Hoc|iPhone
		Ad-Hoc|iPhoneSimulator = Ad-Hoc|iPhoneSimulator
		Ad-Hoc|x64 = Ad-Hoc|x64
		Ad-Hoc|x86 = Ad-Hoc|x86
		AppStore|Any CPU = AppStore|Any CPU
		AppStore|ARM = AppStore|ARM
		AppStore|ARM64 = AppStore|ARM64
		AppStore|iPhone = AppStore|iPhone
		AppStore|iPhoneSimulator = AppStore|iPhoneSimulator
		AppStore|x64 = AppStore|x64
		AppStore|x86 = AppStore|x86
		Debug|Any CPU = Debug|Any CPU
		Debug|ARM = Debug|ARM
		Debug|ARM64 = Debug|ARM64
		Debug|iPhone = Debug|iPhone
		Debug|iPhoneSimulator = Debug|iPhoneSimulator
		Debug|x64 = Debug|x64
		Debug|x86 = Debug|x86
		Release|Any CPU = Release|Any CPU
		Release|ARM = Release|ARM
		Release|ARM64 = Release|ARM64
		Release|iPhone = Release|iPhone
		Release|iPhoneSimulator = Release|iPhoneSimulator
		Release|x64 = Release|x64
		Release|x86 = Release|x86
	EndGlobalSection
	GlobalSection(ProjectConfigurationPlatforms) = postSolution
		{643478CD-8D05-4B7D-BA25-106AEDA055FF}.Ad-Hoc|Any CPU.ActiveCfg = Debug|Any CPU
		{643478CD-8D05-4B7D-BA25-106AEDA055FF}.Ad-Hoc|Any CPU.Build.0 = Debug|Any CPU
		{643478CD-8D05-4B7D-BA25-106AEDA055FF}.Ad-Hoc|Any CPU.Deploy.0 = Debug|Any CPU
		{643478CD-8D05-4B7D-BA25-106AEDA055FF}.Ad-Hoc|ARM.ActiveCfg = Debug|Any CPU
		{643478CD-8D05-4B7D-BA25-106AEDA055FF}.Ad-Hoc|ARM.Build.0 = Debug|Any CPU
		{643478CD-8D05-4B7D-BA25-106AEDA055FF}.Ad-Hoc|ARM.Deploy.0 = Debug|Any CPU
		{643478CD-8D05-4B7D-BA25-106AEDA055FF}.Ad-Hoc|ARM64.ActiveCfg = Debug|Any CPU
		{643478CD-8D05-4B7D-BA25-106AEDA055FF}.Ad-Hoc|ARM64.Build.0 = Debug|Any CPU
		{643478CD-8D05-4B7D-BA25-106AEDA055FF}.Ad-Hoc|ARM64.Deploy.0 = Debug|Any CPU
		{643478CD-8D05-4B7D-BA25-106AEDA055FF}.Ad-Hoc|iPhone.ActiveCfg = Debug|Any CPU
		{643478CD-8D05-4B7D-BA25-106AEDA055FF}.Ad-Hoc|iPhone.Build.0 = Debug|Any CPU
		{643478CD-8D05-4B7D-BA25-106AEDA055FF}.Ad-Hoc|iPhone.Deploy.0 = Debug|Any CPU
		{643478CD-8D05-4B7D-BA25-106AEDA055FF}.Ad-Hoc|iPhoneSimulator.ActiveCfg = Debug|Any CPU
		{643478CD-8D05-4B7D-BA25-106AEDA055FF}.Ad-Hoc|iPhoneSimulator.Build.0 = Debug|Any CPU
		{643478CD-8D05-4B7D-BA25-106AEDA055FF}.Ad-Hoc|iPhoneSimulator.Deploy.0 = Debug|Any CPU
		{643478CD-8D05-4B7D-BA25-106AEDA055FF}.Ad-Hoc|x64.ActiveCfg = Debug|Any CPU
		{643478CD-8D05-4B7D-BA25-106AEDA055FF}.Ad-Hoc|x64.Build.0 = Debug|Any CPU
		{643478CD-8D05-4B7D-BA25-106AEDA055FF}.Ad-Hoc|x64.Deploy.0 = Debug|Any CPU
		{643478CD-8D05-4B7D-BA25-106AEDA055FF}.Ad-Hoc|x86.ActiveCfg = Debug|Any CPU
		{643478CD-8D05-4B7D-BA25-106AEDA055FF}.Ad-Hoc|x86.Build.0 = Debug|Any CPU
		{643478CD-8D05-4B7D-BA25-106AEDA055FF}.Ad-Hoc|x86.Deploy.0 = Debug|Any CPU
		{643478CD-8D05-4B7D-BA25-106AEDA055FF}.AppStore|Any CPU.ActiveCfg = Debug|Any CPU
		{643478CD-8D05-4B7D-BA25-106AEDA055FF}.AppStore|Any CPU.Build.0 = Debug|Any CPU
		{643478CD-8D05-4B7D-BA25-106AEDA055FF}.AppStore|Any CPU.Deploy.0 = Debug|Any CPU
		{643478CD-8D05-4B7D-BA25-106AEDA055FF}.AppStore|ARM.ActiveCfg = Debug|Any CPU
		{643478CD-8D05-4B7D-BA25-106AEDA055FF}.AppStore|ARM.Build.0 = Debug|Any CPU
		{643478CD-8D05-4B7D-BA25-106AEDA055FF}.AppStore|ARM.Deploy.0 = Debug|Any CPU
		{643478CD-8D05-4B7D-BA25-106AEDA055FF}.AppStore|ARM64.ActiveCfg = Debug|Any CPU
		{643478CD-8D05-4B7D-BA25-106AEDA055FF}.AppStore|ARM64.Build.0 = Debug|Any CPU
		{643478CD-8D05-4B7D-BA25-106AEDA055FF}.AppStore|ARM64.Deploy.0 = Debug|Any CPU
		{643478CD-8D05-4B7D-BA25-106AEDA055FF}.AppStore|iPhone.ActiveCfg = Debug|Any CPU
		{643478CD-8D05-4B7D-BA25-106AEDA055FF}.AppStore|iPhone.Build.0 = Debug|Any CPU
		{643478CD-8D05-4B7D-BA25-106AEDA055FF}.AppStore|iPhone.Deploy.0 = Debug|Any CPU
		{643478CD-8D05-4B7D-BA25-106AEDA055FF}.AppStore|iPhoneSimulator.ActiveCfg = Debug|Any CPU
		{643478CD-8D05-4B7D-BA25-106AEDA055FF}.AppStore|iPhoneSimulator.Build.0 = Debug|Any CPU
		{643478CD-8D05-4B7D-BA25-106AEDA055FF}.AppStore|iPhoneSimulator.Deploy.0 = Debug|Any CPU
		{643478CD-8D05-4B7D-BA25-106AEDA055FF}.AppStore|x64.ActiveCfg = Debug|Any CPU
		{643478CD-8D05-4B7D-BA25-106AEDA055FF}.AppStore|x64.Build.0 = Debug|Any CPU
		{643478CD-8D05-4B7D-BA25-106AEDA055FF}.AppStore|x64.Deploy.0 = Debug|Any CPU
		{643478CD-8D05-4B7D-BA25-106AEDA055FF}.AppStore|x86.ActiveCfg = Debug|Any CPU
		{643478CD-8D05-4B7D-BA25-106AEDA055FF}.AppStore|x86.Build.0 = Debug|Any CPU
		{643478CD-8D05-4B7D-BA25-106AEDA055FF}.AppStore|x86.Deploy.0 = Debug|Any CPU
		{643478CD-8D05-4B7D-BA25-106AEDA055FF}.Debug|Any CPU.ActiveCfg = Debug|Any CPU
		{643478CD-8D05-4B7D-BA25-106AEDA055FF}.Debug|Any CPU.Build.0 = Debug|Any CPU
		{643478CD-8D05-4B7D-BA25-106AEDA055FF}.Debug|Any CPU.Deploy.0 = Debug|Any CPU
		{643478CD-8D05-4B7D-BA25-106AEDA055FF}.Debug|ARM.ActiveCfg = Debug|Any CPU
		{643478CD-8D05-4B7D-BA25-106AEDA055FF}.Debug|ARM.Build.0 = Debug|Any CPU
		{643478CD-8D05-4B7D-BA25-106AEDA055FF}.Debug|ARM.Deploy.0 = Debug|Any CPU
		{643478CD-8D05-4B7D-BA25-106AEDA055FF}.Debug|ARM64.ActiveCfg = Debug|Any CPU
		{643478CD-8D05-4B7D-BA25-106AEDA055FF}.Debug|ARM64.Build.0 = Debug|Any CPU
		{643478CD-8D05-4B7D-BA25-106AEDA055FF}.Debug|ARM64.Deploy.0 = Debug|Any CPU
		{643478CD-8D05-4B7D-BA25-106AEDA055FF}.Debug|iPhone.ActiveCfg = Debug|Any CPU
		{643478CD-8D05-4B7D-BA25-106AEDA055FF}.Debug|iPhone.Build.0 = Debug|Any CPU
		{643478CD-8D05-4B7D-BA25-106AEDA055FF}.Debug|iPhone.Deploy.0 = Debug|Any CPU
		{643478CD-8D05-4B7D-BA25-106AEDA055FF}.Debug|iPhoneSimulator.ActiveCfg = Debug|Any CPU
		{643478CD-8D05-4B7D-BA25-106AEDA055FF}.Debug|iPhoneSimulator.Build.0 = Debug|Any CPU
		{643478CD-8D05-4B7D-BA25-106AEDA055FF}.Debug|iPhoneSimulator.Deploy.0 = Debug|Any CPU
		{643478CD-8D05-4B7D-BA25-106AEDA055FF}.Debug|x64.ActiveCfg = Debug|Any CPU
		{643478CD-8D05-4B7D-BA25-106AEDA055FF}.Debug|x64.Build.0 = Debug|Any CPU
		{643478CD-8D05-4B7D-BA25-106AEDA055FF}.Debug|x64.Deploy.0 = Debug|Any CPU
		{643478CD-8D05-4B7D-BA25-106AEDA055FF}.Debug|x86.ActiveCfg = Debug|Any CPU
		{643478CD-8D05-4B7D-BA25-106AEDA055FF}.Debug|x86.Build.0 = Debug|Any CPU
		{643478CD-8D05-4B7D-BA25-106AEDA055FF}.Debug|x86.Deploy.0 = Debug|Any CPU
		{643478CD-8D05-4B7D-BA25-106AEDA055FF}.Release|Any CPU.ActiveCfg = Release|Any CPU
		{643478CD-8D05-4B7D-BA25-106AEDA055FF}.Release|Any CPU.Build.0 = Release|Any CPU
		{643478CD-8D05-4B7D-BA25-106AEDA055FF}.Release|Any CPU.Deploy.0 = Release|Any CPU
		{643478CD-8D05-4B7D-BA25-106AEDA055FF}.Release|ARM.ActiveCfg = Release|Any CPU
		{643478CD-8D05-4B7D-BA25-106AEDA055FF}.Release|ARM.Build.0 = Release|Any CPU
		{643478CD-8D05-4B7D-BA25-106AEDA055FF}.Release|ARM.Deploy.0 = Release|Any CPU
		{643478CD-8D05-4B7D-BA25-106AEDA055FF}.Release|ARM64.ActiveCfg = Release|Any CPU
		{643478CD-8D05-4B7D-BA25-106AEDA055FF}.Release|ARM64.Build.0 = Release|Any CPU
		{643478CD-8D05-4B7D-BA25-106AEDA055FF}.Release|ARM64.Deploy.0 = Release|Any CPU
		{643478CD-8D05-4B7D-BA25-106AEDA055FF}.Release|iPhone.ActiveCfg = Release|Any CPU
		{643478CD-8D05-4B7D-BA25-106AEDA055FF}.Release|iPhone.Build.0 = Release|Any CPU
		{643478CD-8D05-4B7D-BA25-106AEDA055FF}.Release|iPhone.Deploy.0 = Release|Any CPU
		{643478CD-8D05-4B7D-BA25-106AEDA055FF}.Release|iPhoneSimulator.ActiveCfg = Release|Any CPU
		{643478CD-8D05-4B7D-BA25-106AEDA055FF}.Release|iPhoneSimulator.Build.0 = Release|Any CPU
		{643478CD-8D05-4B7D-BA25-106AEDA055FF}.Release|iPhoneSimulator.Deploy.0 = Release|Any CPU
		{643478CD-8D05-4B7D-BA25-106AEDA055FF}.Release|x64.ActiveCfg = Release|Any CPU
		{643478CD-8D05-4B7D-BA25-106AEDA055FF}.Release|x64.Build.0 = Release|Any CPU
		{643478CD-8D05-4B7D-BA25-106AEDA055FF}.Release|x64.Deploy.0 = Release|Any CPU
		{643478CD-8D05-4B7D-BA25-106AEDA055FF}.Release|x86.ActiveCfg = Release|Any CPU
		{643478CD-8D05-4B7D-BA25-106AEDA055FF}.Release|x86.Build.0 = Release|Any CPU
		{643478CD-8D05-4B7D-BA25-106AEDA055FF}.Release|x86.Deploy.0 = Release|Any CPU
		{86FD5D66-BFC9-4AA5-B536-A5569844468D}.Ad-Hoc|Any CPU.ActiveCfg = Ad-Hoc|iPhoneSimulator
		{86FD5D66-BFC9-4AA5-B536-A5569844468D}.Ad-Hoc|ARM.ActiveCfg = Ad-Hoc|iPhoneSimulator
		{86FD5D66-BFC9-4AA5-B536-A5569844468D}.Ad-Hoc|ARM64.ActiveCfg = Ad-Hoc|iPhoneSimulator
		{86FD5D66-BFC9-4AA5-B536-A5569844468D}.Ad-Hoc|iPhone.ActiveCfg = Ad-Hoc|iPhone
		{86FD5D66-BFC9-4AA5-B536-A5569844468D}.Ad-Hoc|iPhone.Build.0 = Ad-Hoc|iPhone
		{86FD5D66-BFC9-4AA5-B536-A5569844468D}.Ad-Hoc|iPhoneSimulator.ActiveCfg = Ad-Hoc|iPhoneSimulator
		{86FD5D66-BFC9-4AA5-B536-A5569844468D}.Ad-Hoc|iPhoneSimulator.Build.0 = Ad-Hoc|iPhoneSimulator
		{86FD5D66-BFC9-4AA5-B536-A5569844468D}.Ad-Hoc|x64.ActiveCfg = Ad-Hoc|iPhoneSimulator
		{86FD5D66-BFC9-4AA5-B536-A5569844468D}.Ad-Hoc|x86.ActiveCfg = Ad-Hoc|iPhoneSimulator
		{86FD5D66-BFC9-4AA5-B536-A5569844468D}.AppStore|Any CPU.ActiveCfg = AppStore|iPhoneSimulator
		{86FD5D66-BFC9-4AA5-B536-A5569844468D}.AppStore|ARM.ActiveCfg = AppStore|iPhoneSimulator
		{86FD5D66-BFC9-4AA5-B536-A5569844468D}.AppStore|ARM64.ActiveCfg = AppStore|iPhoneSimulator
		{86FD5D66-BFC9-4AA5-B536-A5569844468D}.AppStore|iPhone.ActiveCfg = AppStore|iPhone
		{86FD5D66-BFC9-4AA5-B536-A5569844468D}.AppStore|iPhone.Build.0 = AppStore|iPhone
		{86FD5D66-BFC9-4AA5-B536-A5569844468D}.AppStore|iPhoneSimulator.ActiveCfg = AppStore|iPhoneSimulator
		{86FD5D66-BFC9-4AA5-B536-A5569844468D}.AppStore|iPhoneSimulator.Build.0 = AppStore|iPhoneSimulator
		{86FD5D66-BFC9-4AA5-B536-A5569844468D}.AppStore|x64.ActiveCfg = AppStore|iPhoneSimulator
		{86FD5D66-BFC9-4AA5-B536-A5569844468D}.AppStore|x86.ActiveCfg = AppStore|iPhoneSimulator
		{86FD5D66-BFC9-4AA5-B536-A5569844468D}.Debug|Any CPU.ActiveCfg = Debug|iPhoneSimulator
		{86FD5D66-BFC9-4AA5-B536-A5569844468D}.Debug|ARM.ActiveCfg = Debug|iPhoneSimulator
		{86FD5D66-BFC9-4AA5-B536-A5569844468D}.Debug|ARM64.ActiveCfg = Debug|iPhoneSimulator
		{86FD5D66-BFC9-4AA5-B536-A5569844468D}.Debug|iPhone.ActiveCfg = Debug|iPhone
		{86FD5D66-BFC9-4AA5-B536-A5569844468D}.Debug|iPhone.Build.0 = Debug|iPhone
		{86FD5D66-BFC9-4AA5-B536-A5569844468D}.Debug|iPhoneSimulator.ActiveCfg = Debug|iPhoneSimulator
		{86FD5D66-BFC9-4AA5-B536-A5569844468D}.Debug|iPhoneSimulator.Build.0 = Debug|iPhoneSimulator
		{86FD5D66-BFC9-4AA5-B536-A5569844468D}.Debug|x64.ActiveCfg = Debug|iPhoneSimulator
		{86FD5D66-BFC9-4AA5-B536-A5569844468D}.Debug|x86.ActiveCfg = Debug|iPhoneSimulator
		{86FD5D66-BFC9-4AA5-B536-A5569844468D}.Release|Any CPU.ActiveCfg = Release|iPhoneSimulator
		{86FD5D66-BFC9-4AA5-B536-A5569844468D}.Release|ARM.ActiveCfg = Release|iPhoneSimulator
		{86FD5D66-BFC9-4AA5-B536-A5569844468D}.Release|ARM64.ActiveCfg = Release|iPhoneSimulator
		{86FD5D66-BFC9-4AA5-B536-A5569844468D}.Release|iPhone.ActiveCfg = Release|iPhone
		{86FD5D66-BFC9-4AA5-B536-A5569844468D}.Release|iPhone.Build.0 = Release|iPhone
		{86FD5D66-BFC9-4AA5-B536-A5569844468D}.Release|iPhoneSimulator.ActiveCfg = Release|iPhoneSimulator
		{86FD5D66-BFC9-4AA5-B536-A5569844468D}.Release|iPhoneSimulator.Build.0 = Release|iPhoneSimulator
		{86FD5D66-BFC9-4AA5-B536-A5569844468D}.Release|x64.ActiveCfg = Release|iPhoneSimulator
		{86FD5D66-BFC9-4AA5-B536-A5569844468D}.Release|x86.ActiveCfg = Release|iPhoneSimulator
		{6DFE52B3-9554-4120-99A5-7E2AF1FA290A}.Ad-Hoc|Any CPU.ActiveCfg = Debug|x86
		{6DFE52B3-9554-4120-99A5-7E2AF1FA290A}.Ad-Hoc|Any CPU.Build.0 = Debug|x86
		{6DFE52B3-9554-4120-99A5-7E2AF1FA290A}.Ad-Hoc|Any CPU.Deploy.0 = Debug|x86
		{6DFE52B3-9554-4120-99A5-7E2AF1FA290A}.Ad-Hoc|ARM.ActiveCfg = Debug|ARM
		{6DFE52B3-9554-4120-99A5-7E2AF1FA290A}.Ad-Hoc|ARM.Build.0 = Debug|ARM
		{6DFE52B3-9554-4120-99A5-7E2AF1FA290A}.Ad-Hoc|ARM.Deploy.0 = Debug|ARM
		{6DFE52B3-9554-4120-99A5-7E2AF1FA290A}.Ad-Hoc|ARM64.ActiveCfg = Debug|ARM64
		{6DFE52B3-9554-4120-99A5-7E2AF1FA290A}.Ad-Hoc|ARM64.Build.0 = Debug|ARM64
		{6DFE52B3-9554-4120-99A5-7E2AF1FA290A}.Ad-Hoc|ARM64.Deploy.0 = Debug|ARM64
		{6DFE52B3-9554-4120-99A5-7E2AF1FA290A}.Ad-Hoc|iPhone.ActiveCfg = Debug|x86
		{6DFE52B3-9554-4120-99A5-7E2AF1FA290A}.Ad-Hoc|iPhone.Build.0 = Debug|x86
		{6DFE52B3-9554-4120-99A5-7E2AF1FA290A}.Ad-Hoc|iPhone.Deploy.0 = Debug|x86
		{6DFE52B3-9554-4120-99A5-7E2AF1FA290A}.Ad-Hoc|iPhoneSimulator.ActiveCfg = Debug|x86
		{6DFE52B3-9554-4120-99A5-7E2AF1FA290A}.Ad-Hoc|iPhoneSimulator.Build.0 = Debug|x86
		{6DFE52B3-9554-4120-99A5-7E2AF1FA290A}.Ad-Hoc|iPhoneSimulator.Deploy.0 = Debug|x86
		{6DFE52B3-9554-4120-99A5-7E2AF1FA290A}.Ad-Hoc|x64.ActiveCfg = Debug|x64
		{6DFE52B3-9554-4120-99A5-7E2AF1FA290A}.Ad-Hoc|x64.Build.0 = Debug|x64
		{6DFE52B3-9554-4120-99A5-7E2AF1FA290A}.Ad-Hoc|x64.Deploy.0 = Debug|x64
		{6DFE52B3-9554-4120-99A5-7E2AF1FA290A}.Ad-Hoc|x86.ActiveCfg = Debug|x86
		{6DFE52B3-9554-4120-99A5-7E2AF1FA290A}.Ad-Hoc|x86.Build.0 = Debug|x86
		{6DFE52B3-9554-4120-99A5-7E2AF1FA290A}.Ad-Hoc|x86.Deploy.0 = Debug|x86
		{6DFE52B3-9554-4120-99A5-7E2AF1FA290A}.AppStore|Any CPU.ActiveCfg = Debug|x86
		{6DFE52B3-9554-4120-99A5-7E2AF1FA290A}.AppStore|Any CPU.Build.0 = Debug|x86
		{6DFE52B3-9554-4120-99A5-7E2AF1FA290A}.AppStore|Any CPU.Deploy.0 = Debug|x86
		{6DFE52B3-9554-4120-99A5-7E2AF1FA290A}.AppStore|ARM.ActiveCfg = Debug|ARM
		{6DFE52B3-9554-4120-99A5-7E2AF1FA290A}.AppStore|ARM.Build.0 = Debug|ARM
		{6DFE52B3-9554-4120-99A5-7E2AF1FA290A}.AppStore|ARM.Deploy.0 = Debug|ARM
		{6DFE52B3-9554-4120-99A5-7E2AF1FA290A}.AppStore|ARM64.ActiveCfg = Debug|ARM64
		{6DFE52B3-9554-4120-99A5-7E2AF1FA290A}.AppStore|ARM64.Build.0 = Debug|ARM64
		{6DFE52B3-9554-4120-99A5-7E2AF1FA290A}.AppStore|ARM64.Deploy.0 = Debug|ARM64
		{6DFE52B3-9554-4120-99A5-7E2AF1FA290A}.AppStore|iPhone.ActiveCfg = Debug|x86
		{6DFE52B3-9554-4120-99A5-7E2AF1FA290A}.AppStore|iPhone.Build.0 = Debug|x86
		{6DFE52B3-9554-4120-99A5-7E2AF1FA290A}.AppStore|iPhone.Deploy.0 = Debug|x86
		{6DFE52B3-9554-4120-99A5-7E2AF1FA290A}.AppStore|iPhoneSimulator.ActiveCfg = Debug|x86
		{6DFE52B3-9554-4120-99A5-7E2AF1FA290A}.AppStore|iPhoneSimulator.Build.0 = Debug|x86
		{6DFE52B3-9554-4120-99A5-7E2AF1FA290A}.AppStore|iPhoneSimulator.Deploy.0 = Debug|x86
		{6DFE52B3-9554-4120-99A5-7E2AF1FA290A}.AppStore|x64.ActiveCfg = Debug|x64
		{6DFE52B3-9554-4120-99A5-7E2AF1FA290A}.AppStore|x64.Build.0 = Debug|x64
		{6DFE52B3-9554-4120-99A5-7E2AF1FA290A}.AppStore|x64.Deploy.0 = Debug|x64
		{6DFE52B3-9554-4120-99A5-7E2AF1FA290A}.AppStore|x86.ActiveCfg = Debug|x86
		{6DFE52B3-9554-4120-99A5-7E2AF1FA290A}.AppStore|x86.Build.0 = Debug|x86
		{6DFE52B3-9554-4120-99A5-7E2AF1FA290A}.AppStore|x86.Deploy.0 = Debug|x86
		{6DFE52B3-9554-4120-99A5-7E2AF1FA290A}.Debug|Any CPU.ActiveCfg = Debug|x86
		{6DFE52B3-9554-4120-99A5-7E2AF1FA290A}.Debug|Any CPU.Build.0 = Debug|x86
		{6DFE52B3-9554-4120-99A5-7E2AF1FA290A}.Debug|Any CPU.Deploy.0 = Debug|x86
		{6DFE52B3-9554-4120-99A5-7E2AF1FA290A}.Debug|ARM.ActiveCfg = Debug|ARM
		{6DFE52B3-9554-4120-99A5-7E2AF1FA290A}.Debug|ARM.Build.0 = Debug|ARM
		{6DFE52B3-9554-4120-99A5-7E2AF1FA290A}.Debug|ARM.Deploy.0 = Debug|ARM
		{6DFE52B3-9554-4120-99A5-7E2AF1FA290A}.Debug|ARM64.ActiveCfg = Debug|ARM64
		{6DFE52B3-9554-4120-99A5-7E2AF1FA290A}.Debug|ARM64.Build.0 = Debug|ARM64
		{6DFE52B3-9554-4120-99A5-7E2AF1FA290A}.Debug|ARM64.Deploy.0 = Debug|ARM64
		{6DFE52B3-9554-4120-99A5-7E2AF1FA290A}.Debug|iPhone.ActiveCfg = Debug|x86
		{6DFE52B3-9554-4120-99A5-7E2AF1FA290A}.Debug|iPhoneSimulator.ActiveCfg = Debug|x86
		{6DFE52B3-9554-4120-99A5-7E2AF1FA290A}.Debug|x64.ActiveCfg = Debug|x64
		{6DFE52B3-9554-4120-99A5-7E2AF1FA290A}.Debug|x64.Build.0 = Debug|x64
		{6DFE52B3-9554-4120-99A5-7E2AF1FA290A}.Debug|x64.Deploy.0 = Debug|x64
		{6DFE52B3-9554-4120-99A5-7E2AF1FA290A}.Debug|x86.ActiveCfg = Debug|x86
		{6DFE52B3-9554-4120-99A5-7E2AF1FA290A}.Debug|x86.Build.0 = Debug|x86
		{6DFE52B3-9554-4120-99A5-7E2AF1FA290A}.Debug|x86.Deploy.0 = Debug|x86
		{6DFE52B3-9554-4120-99A5-7E2AF1FA290A}.Release|Any CPU.ActiveCfg = Release|x86
		{6DFE52B3-9554-4120-99A5-7E2AF1FA290A}.Release|ARM.ActiveCfg = Release|ARM
		{6DFE52B3-9554-4120-99A5-7E2AF1FA290A}.Release|ARM.Build.0 = Release|ARM
		{6DFE52B3-9554-4120-99A5-7E2AF1FA290A}.Release|ARM.Deploy.0 = Release|ARM
		{6DFE52B3-9554-4120-99A5-7E2AF1FA290A}.Release|ARM64.ActiveCfg = Release|ARM64
		{6DFE52B3-9554-4120-99A5-7E2AF1FA290A}.Release|ARM64.Build.0 = Release|ARM64
		{6DFE52B3-9554-4120-99A5-7E2AF1FA290A}.Release|ARM64.Deploy.0 = Release|ARM64
		{6DFE52B3-9554-4120-99A5-7E2AF1FA290A}.Release|iPhone.ActiveCfg = Release|x86
		{6DFE52B3-9554-4120-99A5-7E2AF1FA290A}.Release|iPhoneSimulator.ActiveCfg = Release|x86
		{6DFE52B3-9554-4120-99A5-7E2AF1FA290A}.Release|x64.ActiveCfg = Release|x64
		{6DFE52B3-9554-4120-99A5-7E2AF1FA290A}.Release|x64.Build.0 = Release|x64
		{6DFE52B3-9554-4120-99A5-7E2AF1FA290A}.Release|x64.Deploy.0 = Release|x64
		{6DFE52B3-9554-4120-99A5-7E2AF1FA290A}.Release|x86.ActiveCfg = Release|x86
		{6DFE52B3-9554-4120-99A5-7E2AF1FA290A}.Release|x86.Build.0 = Release|x86
		{6DFE52B3-9554-4120-99A5-7E2AF1FA290A}.Release|x86.Deploy.0 = Release|x86
		{B59A51ED-F95E-4C28-A7D1-38F9097DA6E3}.Ad-Hoc|Any CPU.ActiveCfg = Debug|Any CPU
		{B59A51ED-F95E-4C28-A7D1-38F9097DA6E3}.Ad-Hoc|Any CPU.Build.0 = Debug|Any CPU
		{B59A51ED-F95E-4C28-A7D1-38F9097DA6E3}.Ad-Hoc|ARM.ActiveCfg = Debug|Any CPU
		{B59A51ED-F95E-4C28-A7D1-38F9097DA6E3}.Ad-Hoc|ARM.Build.0 = Debug|Any CPU
		{B59A51ED-F95E-4C28-A7D1-38F9097DA6E3}.Ad-Hoc|ARM64.ActiveCfg = Debug|Any CPU
		{B59A51ED-F95E-4C28-A7D1-38F9097DA6E3}.Ad-Hoc|ARM64.Build.0 = Debug|Any CPU
		{B59A51ED-F95E-4C28-A7D1-38F9097DA6E3}.Ad-Hoc|iPhone.ActiveCfg = Debug|Any CPU
		{B59A51ED-F95E-4C28-A7D1-38F9097DA6E3}.Ad-Hoc|iPhone.Build.0 = Debug|Any CPU
		{B59A51ED-F95E-4C28-A7D1-38F9097DA6E3}.Ad-Hoc|iPhoneSimulator.ActiveCfg = Debug|Any CPU
		{B59A51ED-F95E-4C28-A7D1-38F9097DA6E3}.Ad-Hoc|iPhoneSimulator.Build.0 = Debug|Any CPU
		{B59A51ED-F95E-4C28-A7D1-38F9097DA6E3}.Ad-Hoc|x64.ActiveCfg = Debug|Any CPU
		{B59A51ED-F95E-4C28-A7D1-38F9097DA6E3}.Ad-Hoc|x64.Build.0 = Debug|Any CPU
		{B59A51ED-F95E-4C28-A7D1-38F9097DA6E3}.Ad-Hoc|x86.ActiveCfg = Debug|Any CPU
		{B59A51ED-F95E-4C28-A7D1-38F9097DA6E3}.Ad-Hoc|x86.Build.0 = Debug|Any CPU
		{B59A51ED-F95E-4C28-A7D1-38F9097DA6E3}.AppStore|Any CPU.ActiveCfg = Debug|Any CPU
		{B59A51ED-F95E-4C28-A7D1-38F9097DA6E3}.AppStore|Any CPU.Build.0 = Debug|Any CPU
		{B59A51ED-F95E-4C28-A7D1-38F9097DA6E3}.AppStore|ARM.ActiveCfg = Debug|Any CPU
		{B59A51ED-F95E-4C28-A7D1-38F9097DA6E3}.AppStore|ARM.Build.0 = Debug|Any CPU
		{B59A51ED-F95E-4C28-A7D1-38F9097DA6E3}.AppStore|ARM64.ActiveCfg = Debug|Any CPU
		{B59A51ED-F95E-4C28-A7D1-38F9097DA6E3}.AppStore|ARM64.Build.0 = Debug|Any CPU
		{B59A51ED-F95E-4C28-A7D1-38F9097DA6E3}.AppStore|iPhone.ActiveCfg = Debug|Any CPU
		{B59A51ED-F95E-4C28-A7D1-38F9097DA6E3}.AppStore|iPhone.Build.0 = Debug|Any CPU
		{B59A51ED-F95E-4C28-A7D1-38F9097DA6E3}.AppStore|iPhoneSimulator.ActiveCfg = Debug|Any CPU
		{B59A51ED-F95E-4C28-A7D1-38F9097DA6E3}.AppStore|iPhoneSimulator.Build.0 = Debug|Any CPU
		{B59A51ED-F95E-4C28-A7D1-38F9097DA6E3}.AppStore|x64.ActiveCfg = Debug|Any CPU
		{B59A51ED-F95E-4C28-A7D1-38F9097DA6E3}.AppStore|x64.Build.0 = Debug|Any CPU
		{B59A51ED-F95E-4C28-A7D1-38F9097DA6E3}.AppStore|x86.ActiveCfg = Debug|Any CPU
		{B59A51ED-F95E-4C28-A7D1-38F9097DA6E3}.AppStore|x86.Build.0 = Debug|Any CPU
		{B59A51ED-F95E-4C28-A7D1-38F9097DA6E3}.Debug|Any CPU.ActiveCfg = Debug|Any CPU
		{B59A51ED-F95E-4C28-A7D1-38F9097DA6E3}.Debug|Any CPU.Build.0 = Debug|Any CPU
		{B59A51ED-F95E-4C28-A7D1-38F9097DA6E3}.Debug|ARM.ActiveCfg = Debug|Any CPU
		{B59A51ED-F95E-4C28-A7D1-38F9097DA6E3}.Debug|ARM.Build.0 = Debug|Any CPU
		{B59A51ED-F95E-4C28-A7D1-38F9097DA6E3}.Debug|ARM64.ActiveCfg = Debug|Any CPU
		{B59A51ED-F95E-4C28-A7D1-38F9097DA6E3}.Debug|ARM64.Build.0 = Debug|Any CPU
		{B59A51ED-F95E-4C28-A7D1-38F9097DA6E3}.Debug|iPhone.ActiveCfg = Debug|Any CPU
		{B59A51ED-F95E-4C28-A7D1-38F9097DA6E3}.Debug|iPhone.Build.0 = Debug|Any CPU
		{B59A51ED-F95E-4C28-A7D1-38F9097DA6E3}.Debug|iPhoneSimulator.ActiveCfg = Debug|Any CPU
		{B59A51ED-F95E-4C28-A7D1-38F9097DA6E3}.Debug|iPhoneSimulator.Build.0 = Debug|Any CPU
		{B59A51ED-F95E-4C28-A7D1-38F9097DA6E3}.Debug|x64.ActiveCfg = Debug|Any CPU
		{B59A51ED-F95E-4C28-A7D1-38F9097DA6E3}.Debug|x64.Build.0 = Debug|Any CPU
		{B59A51ED-F95E-4C28-A7D1-38F9097DA6E3}.Debug|x86.ActiveCfg = Debug|Any CPU
		{B59A51ED-F95E-4C28-A7D1-38F9097DA6E3}.Debug|x86.Build.0 = Debug|Any CPU
		{B59A51ED-F95E-4C28-A7D1-38F9097DA6E3}.Release|Any CPU.ActiveCfg = Release|Any CPU
		{B59A51ED-F95E-4C28-A7D1-38F9097DA6E3}.Release|Any CPU.Build.0 = Release|Any CPU
		{B59A51ED-F95E-4C28-A7D1-38F9097DA6E3}.Release|ARM.ActiveCfg = Release|Any CPU
		{B59A51ED-F95E-4C28-A7D1-38F9097DA6E3}.Release|ARM.Build.0 = Release|Any CPU
		{B59A51ED-F95E-4C28-A7D1-38F9097DA6E3}.Release|ARM64.ActiveCfg = Release|Any CPU
		{B59A51ED-F95E-4C28-A7D1-38F9097DA6E3}.Release|ARM64.Build.0 = Release|Any CPU
		{B59A51ED-F95E-4C28-A7D1-38F9097DA6E3}.Release|iPhone.ActiveCfg = Release|Any CPU
		{B59A51ED-F95E-4C28-A7D1-38F9097DA6E3}.Release|iPhone.Build.0 = Release|Any CPU
		{B59A51ED-F95E-4C28-A7D1-38F9097DA6E3}.Release|iPhoneSimulator.ActiveCfg = Release|Any CPU
		{B59A51ED-F95E-4C28-A7D1-38F9097DA6E3}.Release|iPhoneSimulator.Build.0 = Release|Any CPU
		{B59A51ED-F95E-4C28-A7D1-38F9097DA6E3}.Release|x64.ActiveCfg = Release|Any CPU
		{B59A51ED-F95E-4C28-A7D1-38F9097DA6E3}.Release|x64.Build.0 = Release|Any CPU
		{B59A51ED-F95E-4C28-A7D1-38F9097DA6E3}.Release|x86.ActiveCfg = Release|Any CPU
		{B59A51ED-F95E-4C28-A7D1-38F9097DA6E3}.Release|x86.Build.0 = Release|Any CPU
		{E6DB49DB-1682-4DEF-B9BA-C6300C269CF9}.Ad-Hoc|Any CPU.ActiveCfg = Debug|iPhoneSimulator
		{E6DB49DB-1682-4DEF-B9BA-C6300C269CF9}.Ad-Hoc|Any CPU.Build.0 = Debug|iPhoneSimulator
		{E6DB49DB-1682-4DEF-B9BA-C6300C269CF9}.Ad-Hoc|ARM.ActiveCfg = Debug|iPhoneSimulator
		{E6DB49DB-1682-4DEF-B9BA-C6300C269CF9}.Ad-Hoc|ARM.Build.0 = Debug|iPhoneSimulator
		{E6DB49DB-1682-4DEF-B9BA-C6300C269CF9}.Ad-Hoc|ARM64.ActiveCfg = Debug|iPhoneSimulator
		{E6DB49DB-1682-4DEF-B9BA-C6300C269CF9}.Ad-Hoc|ARM64.Build.0 = Debug|iPhoneSimulator
		{E6DB49DB-1682-4DEF-B9BA-C6300C269CF9}.Ad-Hoc|iPhone.ActiveCfg = Debug|iPhoneSimulator
		{E6DB49DB-1682-4DEF-B9BA-C6300C269CF9}.Ad-Hoc|iPhone.Build.0 = Debug|iPhoneSimulator
		{E6DB49DB-1682-4DEF-B9BA-C6300C269CF9}.Ad-Hoc|iPhoneSimulator.ActiveCfg = Debug|iPhoneSimulator
		{E6DB49DB-1682-4DEF-B9BA-C6300C269CF9}.Ad-Hoc|iPhoneSimulator.Build.0 = Debug|iPhoneSimulator
		{E6DB49DB-1682-4DEF-B9BA-C6300C269CF9}.Ad-Hoc|x64.ActiveCfg = Debug|iPhoneSimulator
		{E6DB49DB-1682-4DEF-B9BA-C6300C269CF9}.Ad-Hoc|x64.Build.0 = Debug|iPhoneSimulator
		{E6DB49DB-1682-4DEF-B9BA-C6300C269CF9}.Ad-Hoc|x86.ActiveCfg = Debug|iPhoneSimulator
		{E6DB49DB-1682-4DEF-B9BA-C6300C269CF9}.Ad-Hoc|x86.Build.0 = Debug|iPhoneSimulator
		{E6DB49DB-1682-4DEF-B9BA-C6300C269CF9}.AppStore|Any CPU.ActiveCfg = Debug|iPhoneSimulator
		{E6DB49DB-1682-4DEF-B9BA-C6300C269CF9}.AppStore|Any CPU.Build.0 = Debug|iPhoneSimulator
		{E6DB49DB-1682-4DEF-B9BA-C6300C269CF9}.AppStore|ARM.ActiveCfg = Debug|iPhoneSimulator
		{E6DB49DB-1682-4DEF-B9BA-C6300C269CF9}.AppStore|ARM.Build.0 = Debug|iPhoneSimulator
		{E6DB49DB-1682-4DEF-B9BA-C6300C269CF9}.AppStore|ARM64.ActiveCfg = Debug|iPhoneSimulator
		{E6DB49DB-1682-4DEF-B9BA-C6300C269CF9}.AppStore|ARM64.Build.0 = Debug|iPhoneSimulator
		{E6DB49DB-1682-4DEF-B9BA-C6300C269CF9}.AppStore|iPhone.ActiveCfg = Debug|iPhoneSimulator
		{E6DB49DB-1682-4DEF-B9BA-C6300C269CF9}.AppStore|iPhone.Build.0 = Debug|iPhoneSimulator
		{E6DB49DB-1682-4DEF-B9BA-C6300C269CF9}.AppStore|iPhoneSimulator.ActiveCfg = Debug|iPhoneSimulator
		{E6DB49DB-1682-4DEF-B9BA-C6300C269CF9}.AppStore|iPhoneSimulator.Build.0 = Debug|iPhoneSimulator
		{E6DB49DB-1682-4DEF-B9BA-C6300C269CF9}.AppStore|x64.ActiveCfg = Debug|iPhoneSimulator
		{E6DB49DB-1682-4DEF-B9BA-C6300C269CF9}.AppStore|x64.Build.0 = Debug|iPhoneSimulator
		{E6DB49DB-1682-4DEF-B9BA-C6300C269CF9}.AppStore|x86.ActiveCfg = Debug|iPhoneSimulator
		{E6DB49DB-1682-4DEF-B9BA-C6300C269CF9}.AppStore|x86.Build.0 = Debug|iPhoneSimulator
		{E6DB49DB-1682-4DEF-B9BA-C6300C269CF9}.Debug|Any CPU.ActiveCfg = Debug|iPhoneSimulator
		{E6DB49DB-1682-4DEF-B9BA-C6300C269CF9}.Debug|ARM.ActiveCfg = Debug|iPhoneSimulator
		{E6DB49DB-1682-4DEF-B9BA-C6300C269CF9}.Debug|ARM64.ActiveCfg = Debug|iPhoneSimulator
		{E6DB49DB-1682-4DEF-B9BA-C6300C269CF9}.Debug|iPhone.ActiveCfg = Debug|iPhoneSimulator
		{E6DB49DB-1682-4DEF-B9BA-C6300C269CF9}.Debug|iPhoneSimulator.ActiveCfg = Debug|iPhoneSimulator
		{E6DB49DB-1682-4DEF-B9BA-C6300C269CF9}.Debug|iPhoneSimulator.Build.0 = Debug|iPhoneSimulator
		{E6DB49DB-1682-4DEF-B9BA-C6300C269CF9}.Debug|x64.ActiveCfg = Debug|iPhoneSimulator
		{E6DB49DB-1682-4DEF-B9BA-C6300C269CF9}.Debug|x86.ActiveCfg = Debug|iPhoneSimulator
		{E6DB49DB-1682-4DEF-B9BA-C6300C269CF9}.Release|Any CPU.ActiveCfg = Release|iPhoneSimulator
		{E6DB49DB-1682-4DEF-B9BA-C6300C269CF9}.Release|ARM.ActiveCfg = Release|iPhoneSimulator
		{E6DB49DB-1682-4DEF-B9BA-C6300C269CF9}.Release|ARM64.ActiveCfg = Release|iPhoneSimulator
		{E6DB49DB-1682-4DEF-B9BA-C6300C269CF9}.Release|iPhone.ActiveCfg = Release|iPhoneSimulator
		{E6DB49DB-1682-4DEF-B9BA-C6300C269CF9}.Release|iPhoneSimulator.ActiveCfg = Release|iPhoneSimulator
		{E6DB49DB-1682-4DEF-B9BA-C6300C269CF9}.Release|iPhoneSimulator.Build.0 = Release|iPhoneSimulator
		{E6DB49DB-1682-4DEF-B9BA-C6300C269CF9}.Release|x64.ActiveCfg = Release|iPhoneSimulator
		{E6DB49DB-1682-4DEF-B9BA-C6300C269CF9}.Release|x86.ActiveCfg = Release|iPhoneSimulator
		{2B155F39-A2EB-46D7-B9A9-6D29C397530E}.Ad-Hoc|Any CPU.ActiveCfg = Debug|Any CPU
		{2B155F39-A2EB-46D7-B9A9-6D29C397530E}.Ad-Hoc|Any CPU.Build.0 = Debug|Any CPU
		{2B155F39-A2EB-46D7-B9A9-6D29C397530E}.Ad-Hoc|ARM.ActiveCfg = Debug|Any CPU
		{2B155F39-A2EB-46D7-B9A9-6D29C397530E}.Ad-Hoc|ARM.Build.0 = Debug|Any CPU
		{2B155F39-A2EB-46D7-B9A9-6D29C397530E}.Ad-Hoc|ARM64.ActiveCfg = Debug|Any CPU
		{2B155F39-A2EB-46D7-B9A9-6D29C397530E}.Ad-Hoc|ARM64.Build.0 = Debug|Any CPU
		{2B155F39-A2EB-46D7-B9A9-6D29C397530E}.Ad-Hoc|iPhone.ActiveCfg = Debug|Any CPU
		{2B155F39-A2EB-46D7-B9A9-6D29C397530E}.Ad-Hoc|iPhone.Build.0 = Debug|Any CPU
		{2B155F39-A2EB-46D7-B9A9-6D29C397530E}.Ad-Hoc|iPhoneSimulator.ActiveCfg = Debug|Any CPU
		{2B155F39-A2EB-46D7-B9A9-6D29C397530E}.Ad-Hoc|iPhoneSimulator.Build.0 = Debug|Any CPU
		{2B155F39-A2EB-46D7-B9A9-6D29C397530E}.Ad-Hoc|x64.ActiveCfg = Debug|Any CPU
		{2B155F39-A2EB-46D7-B9A9-6D29C397530E}.Ad-Hoc|x64.Build.0 = Debug|Any CPU
		{2B155F39-A2EB-46D7-B9A9-6D29C397530E}.Ad-Hoc|x86.ActiveCfg = Debug|Any CPU
		{2B155F39-A2EB-46D7-B9A9-6D29C397530E}.Ad-Hoc|x86.Build.0 = Debug|Any CPU
		{2B155F39-A2EB-46D7-B9A9-6D29C397530E}.AppStore|Any CPU.ActiveCfg = Debug|Any CPU
		{2B155F39-A2EB-46D7-B9A9-6D29C397530E}.AppStore|Any CPU.Build.0 = Debug|Any CPU
		{2B155F39-A2EB-46D7-B9A9-6D29C397530E}.AppStore|ARM.ActiveCfg = Debug|Any CPU
		{2B155F39-A2EB-46D7-B9A9-6D29C397530E}.AppStore|ARM.Build.0 = Debug|Any CPU
		{2B155F39-A2EB-46D7-B9A9-6D29C397530E}.AppStore|ARM64.ActiveCfg = Debug|Any CPU
		{2B155F39-A2EB-46D7-B9A9-6D29C397530E}.AppStore|ARM64.Build.0 = Debug|Any CPU
		{2B155F39-A2EB-46D7-B9A9-6D29C397530E}.AppStore|iPhone.ActiveCfg = Debug|Any CPU
		{2B155F39-A2EB-46D7-B9A9-6D29C397530E}.AppStore|iPhone.Build.0 = Debug|Any CPU
		{2B155F39-A2EB-46D7-B9A9-6D29C397530E}.AppStore|iPhoneSimulator.ActiveCfg = Debug|Any CPU
		{2B155F39-A2EB-46D7-B9A9-6D29C397530E}.AppStore|iPhoneSimulator.Build.0 = Debug|Any CPU
		{2B155F39-A2EB-46D7-B9A9-6D29C397530E}.AppStore|x64.ActiveCfg = Debug|Any CPU
		{2B155F39-A2EB-46D7-B9A9-6D29C397530E}.AppStore|x64.Build.0 = Debug|Any CPU
		{2B155F39-A2EB-46D7-B9A9-6D29C397530E}.AppStore|x86.ActiveCfg = Debug|Any CPU
		{2B155F39-A2EB-46D7-B9A9-6D29C397530E}.AppStore|x86.Build.0 = Debug|Any CPU
		{2B155F39-A2EB-46D7-B9A9-6D29C397530E}.Debug|Any CPU.ActiveCfg = Debug|Any CPU
		{2B155F39-A2EB-46D7-B9A9-6D29C397530E}.Debug|Any CPU.Build.0 = Debug|Any CPU
		{2B155F39-A2EB-46D7-B9A9-6D29C397530E}.Debug|ARM.ActiveCfg = Debug|Any CPU
		{2B155F39-A2EB-46D7-B9A9-6D29C397530E}.Debug|ARM.Build.0 = Debug|Any CPU
		{2B155F39-A2EB-46D7-B9A9-6D29C397530E}.Debug|ARM64.ActiveCfg = Debug|Any CPU
		{2B155F39-A2EB-46D7-B9A9-6D29C397530E}.Debug|ARM64.Build.0 = Debug|Any CPU
		{2B155F39-A2EB-46D7-B9A9-6D29C397530E}.Debug|iPhone.ActiveCfg = Debug|Any CPU
		{2B155F39-A2EB-46D7-B9A9-6D29C397530E}.Debug|iPhone.Build.0 = Debug|Any CPU
		{2B155F39-A2EB-46D7-B9A9-6D29C397530E}.Debug|iPhoneSimulator.ActiveCfg = Debug|Any CPU
		{2B155F39-A2EB-46D7-B9A9-6D29C397530E}.Debug|iPhoneSimulator.Build.0 = Debug|Any CPU
		{2B155F39-A2EB-46D7-B9A9-6D29C397530E}.Debug|x64.ActiveCfg = Debug|Any CPU
		{2B155F39-A2EB-46D7-B9A9-6D29C397530E}.Debug|x64.Build.0 = Debug|Any CPU
		{2B155F39-A2EB-46D7-B9A9-6D29C397530E}.Debug|x86.ActiveCfg = Debug|Any CPU
		{2B155F39-A2EB-46D7-B9A9-6D29C397530E}.Debug|x86.Build.0 = Debug|Any CPU
		{2B155F39-A2EB-46D7-B9A9-6D29C397530E}.Release|Any CPU.ActiveCfg = Release|Any CPU
		{2B155F39-A2EB-46D7-B9A9-6D29C397530E}.Release|Any CPU.Build.0 = Release|Any CPU
		{2B155F39-A2EB-46D7-B9A9-6D29C397530E}.Release|ARM.ActiveCfg = Release|Any CPU
		{2B155F39-A2EB-46D7-B9A9-6D29C397530E}.Release|ARM.Build.0 = Release|Any CPU
		{2B155F39-A2EB-46D7-B9A9-6D29C397530E}.Release|ARM64.ActiveCfg = Release|Any CPU
		{2B155F39-A2EB-46D7-B9A9-6D29C397530E}.Release|ARM64.Build.0 = Release|Any CPU
		{2B155F39-A2EB-46D7-B9A9-6D29C397530E}.Release|iPhone.ActiveCfg = Release|Any CPU
		{2B155F39-A2EB-46D7-B9A9-6D29C397530E}.Release|iPhone.Build.0 = Release|Any CPU
		{2B155F39-A2EB-46D7-B9A9-6D29C397530E}.Release|iPhoneSimulator.ActiveCfg = Release|Any CPU
		{2B155F39-A2EB-46D7-B9A9-6D29C397530E}.Release|iPhoneSimulator.Build.0 = Release|Any CPU
		{2B155F39-A2EB-46D7-B9A9-6D29C397530E}.Release|x64.ActiveCfg = Release|Any CPU
		{2B155F39-A2EB-46D7-B9A9-6D29C397530E}.Release|x64.Build.0 = Release|Any CPU
		{2B155F39-A2EB-46D7-B9A9-6D29C397530E}.Release|x86.ActiveCfg = Release|Any CPU
		{2B155F39-A2EB-46D7-B9A9-6D29C397530E}.Release|x86.Build.0 = Release|Any CPU
		{C4DF7DB3-11F8-4D7A-8500-84A3E208A5C4}.Ad-Hoc|Any CPU.ActiveCfg = Debug|Any CPU
		{C4DF7DB3-11F8-4D7A-8500-84A3E208A5C4}.Ad-Hoc|Any CPU.Build.0 = Debug|Any CPU
		{C4DF7DB3-11F8-4D7A-8500-84A3E208A5C4}.Ad-Hoc|ARM.ActiveCfg = Debug|Any CPU
		{C4DF7DB3-11F8-4D7A-8500-84A3E208A5C4}.Ad-Hoc|ARM.Build.0 = Debug|Any CPU
		{C4DF7DB3-11F8-4D7A-8500-84A3E208A5C4}.Ad-Hoc|ARM64.ActiveCfg = Debug|Any CPU
		{C4DF7DB3-11F8-4D7A-8500-84A3E208A5C4}.Ad-Hoc|ARM64.Build.0 = Debug|Any CPU
		{C4DF7DB3-11F8-4D7A-8500-84A3E208A5C4}.Ad-Hoc|iPhone.ActiveCfg = Debug|Any CPU
		{C4DF7DB3-11F8-4D7A-8500-84A3E208A5C4}.Ad-Hoc|iPhone.Build.0 = Debug|Any CPU
		{C4DF7DB3-11F8-4D7A-8500-84A3E208A5C4}.Ad-Hoc|iPhoneSimulator.ActiveCfg = Debug|Any CPU
		{C4DF7DB3-11F8-4D7A-8500-84A3E208A5C4}.Ad-Hoc|iPhoneSimulator.Build.0 = Debug|Any CPU
		{C4DF7DB3-11F8-4D7A-8500-84A3E208A5C4}.Ad-Hoc|x64.ActiveCfg = Debug|Any CPU
		{C4DF7DB3-11F8-4D7A-8500-84A3E208A5C4}.Ad-Hoc|x64.Build.0 = Debug|Any CPU
		{C4DF7DB3-11F8-4D7A-8500-84A3E208A5C4}.Ad-Hoc|x86.ActiveCfg = Debug|Any CPU
		{C4DF7DB3-11F8-4D7A-8500-84A3E208A5C4}.Ad-Hoc|x86.Build.0 = Debug|Any CPU
		{C4DF7DB3-11F8-4D7A-8500-84A3E208A5C4}.AppStore|Any CPU.ActiveCfg = Debug|Any CPU
		{C4DF7DB3-11F8-4D7A-8500-84A3E208A5C4}.AppStore|Any CPU.Build.0 = Debug|Any CPU
		{C4DF7DB3-11F8-4D7A-8500-84A3E208A5C4}.AppStore|ARM.ActiveCfg = Debug|Any CPU
		{C4DF7DB3-11F8-4D7A-8500-84A3E208A5C4}.AppStore|ARM.Build.0 = Debug|Any CPU
		{C4DF7DB3-11F8-4D7A-8500-84A3E208A5C4}.AppStore|ARM64.ActiveCfg = Debug|Any CPU
		{C4DF7DB3-11F8-4D7A-8500-84A3E208A5C4}.AppStore|ARM64.Build.0 = Debug|Any CPU
		{C4DF7DB3-11F8-4D7A-8500-84A3E208A5C4}.AppStore|iPhone.ActiveCfg = Debug|Any CPU
		{C4DF7DB3-11F8-4D7A-8500-84A3E208A5C4}.AppStore|iPhone.Build.0 = Debug|Any CPU
		{C4DF7DB3-11F8-4D7A-8500-84A3E208A5C4}.AppStore|iPhoneSimulator.ActiveCfg = Debug|Any CPU
		{C4DF7DB3-11F8-4D7A-8500-84A3E208A5C4}.AppStore|iPhoneSimulator.Build.0 = Debug|Any CPU
		{C4DF7DB3-11F8-4D7A-8500-84A3E208A5C4}.AppStore|x64.ActiveCfg = Debug|Any CPU
		{C4DF7DB3-11F8-4D7A-8500-84A3E208A5C4}.AppStore|x64.Build.0 = Debug|Any CPU
		{C4DF7DB3-11F8-4D7A-8500-84A3E208A5C4}.AppStore|x86.ActiveCfg = Debug|Any CPU
		{C4DF7DB3-11F8-4D7A-8500-84A3E208A5C4}.AppStore|x86.Build.0 = Debug|Any CPU
		{C4DF7DB3-11F8-4D7A-8500-84A3E208A5C4}.Debug|Any CPU.ActiveCfg = Debug|Any CPU
		{C4DF7DB3-11F8-4D7A-8500-84A3E208A5C4}.Debug|Any CPU.Build.0 = Debug|Any CPU
		{C4DF7DB3-11F8-4D7A-8500-84A3E208A5C4}.Debug|ARM.ActiveCfg = Debug|Any CPU
		{C4DF7DB3-11F8-4D7A-8500-84A3E208A5C4}.Debug|ARM.Build.0 = Debug|Any CPU
		{C4DF7DB3-11F8-4D7A-8500-84A3E208A5C4}.Debug|ARM64.ActiveCfg = Debug|Any CPU
		{C4DF7DB3-11F8-4D7A-8500-84A3E208A5C4}.Debug|ARM64.Build.0 = Debug|Any CPU
		{C4DF7DB3-11F8-4D7A-8500-84A3E208A5C4}.Debug|iPhone.ActiveCfg = Debug|Any CPU
		{C4DF7DB3-11F8-4D7A-8500-84A3E208A5C4}.Debug|iPhone.Build.0 = Debug|Any CPU
		{C4DF7DB3-11F8-4D7A-8500-84A3E208A5C4}.Debug|iPhoneSimulator.ActiveCfg = Debug|Any CPU
		{C4DF7DB3-11F8-4D7A-8500-84A3E208A5C4}.Debug|iPhoneSimulator.Build.0 = Debug|Any CPU
		{C4DF7DB3-11F8-4D7A-8500-84A3E208A5C4}.Debug|x64.ActiveCfg = Debug|Any CPU
		{C4DF7DB3-11F8-4D7A-8500-84A3E208A5C4}.Debug|x64.Build.0 = Debug|Any CPU
		{C4DF7DB3-11F8-4D7A-8500-84A3E208A5C4}.Debug|x86.ActiveCfg = Debug|Any CPU
		{C4DF7DB3-11F8-4D7A-8500-84A3E208A5C4}.Debug|x86.Build.0 = Debug|Any CPU
		{C4DF7DB3-11F8-4D7A-8500-84A3E208A5C4}.Release|Any CPU.ActiveCfg = Release|Any CPU
		{C4DF7DB3-11F8-4D7A-8500-84A3E208A5C4}.Release|Any CPU.Build.0 = Release|Any CPU
		{C4DF7DB3-11F8-4D7A-8500-84A3E208A5C4}.Release|ARM.ActiveCfg = Release|Any CPU
		{C4DF7DB3-11F8-4D7A-8500-84A3E208A5C4}.Release|ARM.Build.0 = Release|Any CPU
		{C4DF7DB3-11F8-4D7A-8500-84A3E208A5C4}.Release|ARM64.ActiveCfg = Release|Any CPU
		{C4DF7DB3-11F8-4D7A-8500-84A3E208A5C4}.Release|ARM64.Build.0 = Release|Any CPU
		{C4DF7DB3-11F8-4D7A-8500-84A3E208A5C4}.Release|iPhone.ActiveCfg = Release|Any CPU
		{C4DF7DB3-11F8-4D7A-8500-84A3E208A5C4}.Release|iPhone.Build.0 = Release|Any CPU
		{C4DF7DB3-11F8-4D7A-8500-84A3E208A5C4}.Release|iPhoneSimulator.ActiveCfg = Release|Any CPU
		{C4DF7DB3-11F8-4D7A-8500-84A3E208A5C4}.Release|iPhoneSimulator.Build.0 = Release|Any CPU
		{C4DF7DB3-11F8-4D7A-8500-84A3E208A5C4}.Release|x64.ActiveCfg = Release|Any CPU
		{C4DF7DB3-11F8-4D7A-8500-84A3E208A5C4}.Release|x64.Build.0 = Release|Any CPU
		{C4DF7DB3-11F8-4D7A-8500-84A3E208A5C4}.Release|x86.ActiveCfg = Release|Any CPU
		{C4DF7DB3-11F8-4D7A-8500-84A3E208A5C4}.Release|x86.Build.0 = Release|Any CPU
		{2D07019A-15CC-4915-B249-9CC27EE604ED}.Ad-Hoc|Any CPU.ActiveCfg = Debug|Any CPU
		{2D07019A-15CC-4915-B249-9CC27EE604ED}.Ad-Hoc|Any CPU.Build.0 = Debug|Any CPU
		{2D07019A-15CC-4915-B249-9CC27EE604ED}.Ad-Hoc|ARM.ActiveCfg = Debug|Any CPU
		{2D07019A-15CC-4915-B249-9CC27EE604ED}.Ad-Hoc|ARM.Build.0 = Debug|Any CPU
		{2D07019A-15CC-4915-B249-9CC27EE604ED}.Ad-Hoc|ARM64.ActiveCfg = Debug|Any CPU
		{2D07019A-15CC-4915-B249-9CC27EE604ED}.Ad-Hoc|ARM64.Build.0 = Debug|Any CPU
		{2D07019A-15CC-4915-B249-9CC27EE604ED}.Ad-Hoc|iPhone.ActiveCfg = Debug|Any CPU
		{2D07019A-15CC-4915-B249-9CC27EE604ED}.Ad-Hoc|iPhone.Build.0 = Debug|Any CPU
		{2D07019A-15CC-4915-B249-9CC27EE604ED}.Ad-Hoc|iPhoneSimulator.ActiveCfg = Debug|Any CPU
		{2D07019A-15CC-4915-B249-9CC27EE604ED}.Ad-Hoc|iPhoneSimulator.Build.0 = Debug|Any CPU
		{2D07019A-15CC-4915-B249-9CC27EE604ED}.Ad-Hoc|x64.ActiveCfg = Debug|Any CPU
		{2D07019A-15CC-4915-B249-9CC27EE604ED}.Ad-Hoc|x64.Build.0 = Debug|Any CPU
		{2D07019A-15CC-4915-B249-9CC27EE604ED}.Ad-Hoc|x86.ActiveCfg = Debug|Any CPU
		{2D07019A-15CC-4915-B249-9CC27EE604ED}.Ad-Hoc|x86.Build.0 = Debug|Any CPU
		{2D07019A-15CC-4915-B249-9CC27EE604ED}.AppStore|Any CPU.ActiveCfg = Debug|Any CPU
		{2D07019A-15CC-4915-B249-9CC27EE604ED}.AppStore|Any CPU.Build.0 = Debug|Any CPU
		{2D07019A-15CC-4915-B249-9CC27EE604ED}.AppStore|ARM.ActiveCfg = Debug|Any CPU
		{2D07019A-15CC-4915-B249-9CC27EE604ED}.AppStore|ARM.Build.0 = Debug|Any CPU
		{2D07019A-15CC-4915-B249-9CC27EE604ED}.AppStore|ARM64.ActiveCfg = Debug|Any CPU
		{2D07019A-15CC-4915-B249-9CC27EE604ED}.AppStore|ARM64.Build.0 = Debug|Any CPU
		{2D07019A-15CC-4915-B249-9CC27EE604ED}.AppStore|iPhone.ActiveCfg = Debug|Any CPU
		{2D07019A-15CC-4915-B249-9CC27EE604ED}.AppStore|iPhone.Build.0 = Debug|Any CPU
		{2D07019A-15CC-4915-B249-9CC27EE604ED}.AppStore|iPhoneSimulator.ActiveCfg = Debug|Any CPU
		{2D07019A-15CC-4915-B249-9CC27EE604ED}.AppStore|iPhoneSimulator.Build.0 = Debug|Any CPU
		{2D07019A-15CC-4915-B249-9CC27EE604ED}.AppStore|x64.ActiveCfg = Debug|Any CPU
		{2D07019A-15CC-4915-B249-9CC27EE604ED}.AppStore|x64.Build.0 = Debug|Any CPU
		{2D07019A-15CC-4915-B249-9CC27EE604ED}.AppStore|x86.ActiveCfg = Debug|Any CPU
		{2D07019A-15CC-4915-B249-9CC27EE604ED}.AppStore|x86.Build.0 = Debug|Any CPU
		{2D07019A-15CC-4915-B249-9CC27EE604ED}.Debug|Any CPU.ActiveCfg = Debug|Any CPU
		{2D07019A-15CC-4915-B249-9CC27EE604ED}.Debug|Any CPU.Build.0 = Debug|Any CPU
		{2D07019A-15CC-4915-B249-9CC27EE604ED}.Debug|ARM.ActiveCfg = Debug|Any CPU
		{2D07019A-15CC-4915-B249-9CC27EE604ED}.Debug|ARM.Build.0 = Debug|Any CPU
		{2D07019A-15CC-4915-B249-9CC27EE604ED}.Debug|ARM64.ActiveCfg = Debug|Any CPU
		{2D07019A-15CC-4915-B249-9CC27EE604ED}.Debug|ARM64.Build.0 = Debug|Any CPU
		{2D07019A-15CC-4915-B249-9CC27EE604ED}.Debug|iPhone.ActiveCfg = Debug|Any CPU
		{2D07019A-15CC-4915-B249-9CC27EE604ED}.Debug|iPhone.Build.0 = Debug|Any CPU
		{2D07019A-15CC-4915-B249-9CC27EE604ED}.Debug|iPhoneSimulator.ActiveCfg = Debug|Any CPU
		{2D07019A-15CC-4915-B249-9CC27EE604ED}.Debug|iPhoneSimulator.Build.0 = Debug|Any CPU
		{2D07019A-15CC-4915-B249-9CC27EE604ED}.Debug|x64.ActiveCfg = Debug|Any CPU
		{2D07019A-15CC-4915-B249-9CC27EE604ED}.Debug|x64.Build.0 = Debug|Any CPU
		{2D07019A-15CC-4915-B249-9CC27EE604ED}.Debug|x86.ActiveCfg = Debug|Any CPU
		{2D07019A-15CC-4915-B249-9CC27EE604ED}.Debug|x86.Build.0 = Debug|Any CPU
		{2D07019A-15CC-4915-B249-9CC27EE604ED}.Release|Any CPU.ActiveCfg = Release|Any CPU
		{2D07019A-15CC-4915-B249-9CC27EE604ED}.Release|Any CPU.Build.0 = Release|Any CPU
		{2D07019A-15CC-4915-B249-9CC27EE604ED}.Release|ARM.ActiveCfg = Release|Any CPU
		{2D07019A-15CC-4915-B249-9CC27EE604ED}.Release|ARM.Build.0 = Release|Any CPU
		{2D07019A-15CC-4915-B249-9CC27EE604ED}.Release|ARM64.ActiveCfg = Release|Any CPU
		{2D07019A-15CC-4915-B249-9CC27EE604ED}.Release|ARM64.Build.0 = Release|Any CPU
		{2D07019A-15CC-4915-B249-9CC27EE604ED}.Release|iPhone.ActiveCfg = Release|Any CPU
		{2D07019A-15CC-4915-B249-9CC27EE604ED}.Release|iPhone.Build.0 = Release|Any CPU
		{2D07019A-15CC-4915-B249-9CC27EE604ED}.Release|iPhoneSimulator.ActiveCfg = Release|Any CPU
		{2D07019A-15CC-4915-B249-9CC27EE604ED}.Release|iPhoneSimulator.Build.0 = Release|Any CPU
		{2D07019A-15CC-4915-B249-9CC27EE604ED}.Release|x64.ActiveCfg = Release|Any CPU
		{2D07019A-15CC-4915-B249-9CC27EE604ED}.Release|x64.Build.0 = Release|Any CPU
		{2D07019A-15CC-4915-B249-9CC27EE604ED}.Release|x86.ActiveCfg = Release|Any CPU
		{2D07019A-15CC-4915-B249-9CC27EE604ED}.Release|x86.Build.0 = Release|Any CPU
		{B6F2515D-18DB-415D-8694-293AAF74BBB7}.Ad-Hoc|Any CPU.ActiveCfg = Debug|Any CPU
		{B6F2515D-18DB-415D-8694-293AAF74BBB7}.Ad-Hoc|Any CPU.Build.0 = Debug|Any CPU
		{B6F2515D-18DB-415D-8694-293AAF74BBB7}.Ad-Hoc|ARM.ActiveCfg = Debug|Any CPU
		{B6F2515D-18DB-415D-8694-293AAF74BBB7}.Ad-Hoc|ARM.Build.0 = Debug|Any CPU
		{B6F2515D-18DB-415D-8694-293AAF74BBB7}.Ad-Hoc|ARM64.ActiveCfg = Debug|Any CPU
		{B6F2515D-18DB-415D-8694-293AAF74BBB7}.Ad-Hoc|ARM64.Build.0 = Debug|Any CPU
		{B6F2515D-18DB-415D-8694-293AAF74BBB7}.Ad-Hoc|iPhone.ActiveCfg = Debug|Any CPU
		{B6F2515D-18DB-415D-8694-293AAF74BBB7}.Ad-Hoc|iPhone.Build.0 = Debug|Any CPU
		{B6F2515D-18DB-415D-8694-293AAF74BBB7}.Ad-Hoc|iPhoneSimulator.ActiveCfg = Debug|Any CPU
		{B6F2515D-18DB-415D-8694-293AAF74BBB7}.Ad-Hoc|iPhoneSimulator.Build.0 = Debug|Any CPU
		{B6F2515D-18DB-415D-8694-293AAF74BBB7}.Ad-Hoc|x64.ActiveCfg = Debug|Any CPU
		{B6F2515D-18DB-415D-8694-293AAF74BBB7}.Ad-Hoc|x64.Build.0 = Debug|Any CPU
		{B6F2515D-18DB-415D-8694-293AAF74BBB7}.Ad-Hoc|x86.ActiveCfg = Debug|Any CPU
		{B6F2515D-18DB-415D-8694-293AAF74BBB7}.Ad-Hoc|x86.Build.0 = Debug|Any CPU
		{B6F2515D-18DB-415D-8694-293AAF74BBB7}.AppStore|Any CPU.ActiveCfg = Debug|Any CPU
		{B6F2515D-18DB-415D-8694-293AAF74BBB7}.AppStore|Any CPU.Build.0 = Debug|Any CPU
		{B6F2515D-18DB-415D-8694-293AAF74BBB7}.AppStore|ARM.ActiveCfg = Debug|Any CPU
		{B6F2515D-18DB-415D-8694-293AAF74BBB7}.AppStore|ARM.Build.0 = Debug|Any CPU
		{B6F2515D-18DB-415D-8694-293AAF74BBB7}.AppStore|ARM64.ActiveCfg = Debug|Any CPU
		{B6F2515D-18DB-415D-8694-293AAF74BBB7}.AppStore|ARM64.Build.0 = Debug|Any CPU
		{B6F2515D-18DB-415D-8694-293AAF74BBB7}.AppStore|iPhone.ActiveCfg = Debug|Any CPU
		{B6F2515D-18DB-415D-8694-293AAF74BBB7}.AppStore|iPhone.Build.0 = Debug|Any CPU
		{B6F2515D-18DB-415D-8694-293AAF74BBB7}.AppStore|iPhoneSimulator.ActiveCfg = Debug|Any CPU
		{B6F2515D-18DB-415D-8694-293AAF74BBB7}.AppStore|iPhoneSimulator.Build.0 = Debug|Any CPU
		{B6F2515D-18DB-415D-8694-293AAF74BBB7}.AppStore|x64.ActiveCfg = Debug|Any CPU
		{B6F2515D-18DB-415D-8694-293AAF74BBB7}.AppStore|x64.Build.0 = Debug|Any CPU
		{B6F2515D-18DB-415D-8694-293AAF74BBB7}.AppStore|x86.ActiveCfg = Debug|Any CPU
		{B6F2515D-18DB-415D-8694-293AAF74BBB7}.AppStore|x86.Build.0 = Debug|Any CPU
		{B6F2515D-18DB-415D-8694-293AAF74BBB7}.Debug|Any CPU.ActiveCfg = Debug|Any CPU
		{B6F2515D-18DB-415D-8694-293AAF74BBB7}.Debug|Any CPU.Build.0 = Debug|Any CPU
		{B6F2515D-18DB-415D-8694-293AAF74BBB7}.Debug|ARM.ActiveCfg = Debug|Any CPU
		{B6F2515D-18DB-415D-8694-293AAF74BBB7}.Debug|ARM.Build.0 = Debug|Any CPU
		{B6F2515D-18DB-415D-8694-293AAF74BBB7}.Debug|ARM64.ActiveCfg = Debug|Any CPU
		{B6F2515D-18DB-415D-8694-293AAF74BBB7}.Debug|ARM64.Build.0 = Debug|Any CPU
		{B6F2515D-18DB-415D-8694-293AAF74BBB7}.Debug|iPhone.ActiveCfg = Debug|Any CPU
		{B6F2515D-18DB-415D-8694-293AAF74BBB7}.Debug|iPhone.Build.0 = Debug|Any CPU
		{B6F2515D-18DB-415D-8694-293AAF74BBB7}.Debug|iPhoneSimulator.ActiveCfg = Debug|Any CPU
		{B6F2515D-18DB-415D-8694-293AAF74BBB7}.Debug|iPhoneSimulator.Build.0 = Debug|Any CPU
		{B6F2515D-18DB-415D-8694-293AAF74BBB7}.Debug|x64.ActiveCfg = Debug|Any CPU
		{B6F2515D-18DB-415D-8694-293AAF74BBB7}.Debug|x64.Build.0 = Debug|Any CPU
		{B6F2515D-18DB-415D-8694-293AAF74BBB7}.Debug|x86.ActiveCfg = Debug|Any CPU
		{B6F2515D-18DB-415D-8694-293AAF74BBB7}.Debug|x86.Build.0 = Debug|Any CPU
		{B6F2515D-18DB-415D-8694-293AAF74BBB7}.Release|Any CPU.ActiveCfg = Release|Any CPU
		{B6F2515D-18DB-415D-8694-293AAF74BBB7}.Release|Any CPU.Build.0 = Release|Any CPU
		{B6F2515D-18DB-415D-8694-293AAF74BBB7}.Release|ARM.ActiveCfg = Release|Any CPU
		{B6F2515D-18DB-415D-8694-293AAF74BBB7}.Release|ARM.Build.0 = Release|Any CPU
		{B6F2515D-18DB-415D-8694-293AAF74BBB7}.Release|ARM64.ActiveCfg = Release|Any CPU
		{B6F2515D-18DB-415D-8694-293AAF74BBB7}.Release|ARM64.Build.0 = Release|Any CPU
		{B6F2515D-18DB-415D-8694-293AAF74BBB7}.Release|iPhone.ActiveCfg = Release|Any CPU
		{B6F2515D-18DB-415D-8694-293AAF74BBB7}.Release|iPhone.Build.0 = Release|Any CPU
		{B6F2515D-18DB-415D-8694-293AAF74BBB7}.Release|iPhoneSimulator.ActiveCfg = Release|Any CPU
		{B6F2515D-18DB-415D-8694-293AAF74BBB7}.Release|iPhoneSimulator.Build.0 = Release|Any CPU
		{B6F2515D-18DB-415D-8694-293AAF74BBB7}.Release|x64.ActiveCfg = Release|Any CPU
		{B6F2515D-18DB-415D-8694-293AAF74BBB7}.Release|x64.Build.0 = Release|Any CPU
		{B6F2515D-18DB-415D-8694-293AAF74BBB7}.Release|x86.ActiveCfg = Release|Any CPU
		{B6F2515D-18DB-415D-8694-293AAF74BBB7}.Release|x86.Build.0 = Release|Any CPU
		{696291E0-BD84-47B9-8375-4907394F4D9F}.Ad-Hoc|Any CPU.ActiveCfg = Debug|Any CPU
		{696291E0-BD84-47B9-8375-4907394F4D9F}.Ad-Hoc|Any CPU.Build.0 = Debug|Any CPU
		{696291E0-BD84-47B9-8375-4907394F4D9F}.Ad-Hoc|ARM.ActiveCfg = Debug|Any CPU
		{696291E0-BD84-47B9-8375-4907394F4D9F}.Ad-Hoc|ARM.Build.0 = Debug|Any CPU
		{696291E0-BD84-47B9-8375-4907394F4D9F}.Ad-Hoc|ARM64.ActiveCfg = Debug|Any CPU
		{696291E0-BD84-47B9-8375-4907394F4D9F}.Ad-Hoc|ARM64.Build.0 = Debug|Any CPU
		{696291E0-BD84-47B9-8375-4907394F4D9F}.Ad-Hoc|iPhone.ActiveCfg = Debug|Any CPU
		{696291E0-BD84-47B9-8375-4907394F4D9F}.Ad-Hoc|iPhone.Build.0 = Debug|Any CPU
		{696291E0-BD84-47B9-8375-4907394F4D9F}.Ad-Hoc|iPhoneSimulator.ActiveCfg = Debug|Any CPU
		{696291E0-BD84-47B9-8375-4907394F4D9F}.Ad-Hoc|iPhoneSimulator.Build.0 = Debug|Any CPU
		{696291E0-BD84-47B9-8375-4907394F4D9F}.Ad-Hoc|x64.ActiveCfg = Debug|Any CPU
		{696291E0-BD84-47B9-8375-4907394F4D9F}.Ad-Hoc|x64.Build.0 = Debug|Any CPU
		{696291E0-BD84-47B9-8375-4907394F4D9F}.Ad-Hoc|x86.ActiveCfg = Debug|Any CPU
		{696291E0-BD84-47B9-8375-4907394F4D9F}.Ad-Hoc|x86.Build.0 = Debug|Any CPU
		{696291E0-BD84-47B9-8375-4907394F4D9F}.AppStore|Any CPU.ActiveCfg = Debug|Any CPU
		{696291E0-BD84-47B9-8375-4907394F4D9F}.AppStore|Any CPU.Build.0 = Debug|Any CPU
		{696291E0-BD84-47B9-8375-4907394F4D9F}.AppStore|ARM.ActiveCfg = Debug|Any CPU
		{696291E0-BD84-47B9-8375-4907394F4D9F}.AppStore|ARM.Build.0 = Debug|Any CPU
		{696291E0-BD84-47B9-8375-4907394F4D9F}.AppStore|ARM64.ActiveCfg = Debug|Any CPU
		{696291E0-BD84-47B9-8375-4907394F4D9F}.AppStore|ARM64.Build.0 = Debug|Any CPU
		{696291E0-BD84-47B9-8375-4907394F4D9F}.AppStore|iPhone.ActiveCfg = Debug|Any CPU
		{696291E0-BD84-47B9-8375-4907394F4D9F}.AppStore|iPhone.Build.0 = Debug|Any CPU
		{696291E0-BD84-47B9-8375-4907394F4D9F}.AppStore|iPhoneSimulator.ActiveCfg = Debug|Any CPU
		{696291E0-BD84-47B9-8375-4907394F4D9F}.AppStore|iPhoneSimulator.Build.0 = Debug|Any CPU
		{696291E0-BD84-47B9-8375-4907394F4D9F}.AppStore|x64.ActiveCfg = Debug|Any CPU
		{696291E0-BD84-47B9-8375-4907394F4D9F}.AppStore|x64.Build.0 = Debug|Any CPU
		{696291E0-BD84-47B9-8375-4907394F4D9F}.AppStore|x86.ActiveCfg = Debug|Any CPU
		{696291E0-BD84-47B9-8375-4907394F4D9F}.AppStore|x86.Build.0 = Debug|Any CPU
		{696291E0-BD84-47B9-8375-4907394F4D9F}.Debug|Any CPU.ActiveCfg = Debug|Any CPU
		{696291E0-BD84-47B9-8375-4907394F4D9F}.Debug|Any CPU.Build.0 = Debug|Any CPU
		{696291E0-BD84-47B9-8375-4907394F4D9F}.Debug|ARM.ActiveCfg = Debug|Any CPU
		{696291E0-BD84-47B9-8375-4907394F4D9F}.Debug|ARM.Build.0 = Debug|Any CPU
		{696291E0-BD84-47B9-8375-4907394F4D9F}.Debug|ARM64.ActiveCfg = Debug|Any CPU
		{696291E0-BD84-47B9-8375-4907394F4D9F}.Debug|ARM64.Build.0 = Debug|Any CPU
		{696291E0-BD84-47B9-8375-4907394F4D9F}.Debug|iPhone.ActiveCfg = Debug|Any CPU
		{696291E0-BD84-47B9-8375-4907394F4D9F}.Debug|iPhone.Build.0 = Debug|Any CPU
		{696291E0-BD84-47B9-8375-4907394F4D9F}.Debug|iPhoneSimulator.ActiveCfg = Debug|Any CPU
		{696291E0-BD84-47B9-8375-4907394F4D9F}.Debug|iPhoneSimulator.Build.0 = Debug|Any CPU
		{696291E0-BD84-47B9-8375-4907394F4D9F}.Debug|x64.ActiveCfg = Debug|Any CPU
		{696291E0-BD84-47B9-8375-4907394F4D9F}.Debug|x64.Build.0 = Debug|Any CPU
		{696291E0-BD84-47B9-8375-4907394F4D9F}.Debug|x86.ActiveCfg = Debug|Any CPU
		{696291E0-BD84-47B9-8375-4907394F4D9F}.Debug|x86.Build.0 = Debug|Any CPU
		{696291E0-BD84-47B9-8375-4907394F4D9F}.Release|Any CPU.ActiveCfg = Release|Any CPU
		{696291E0-BD84-47B9-8375-4907394F4D9F}.Release|Any CPU.Build.0 = Release|Any CPU
		{696291E0-BD84-47B9-8375-4907394F4D9F}.Release|ARM.ActiveCfg = Release|Any CPU
		{696291E0-BD84-47B9-8375-4907394F4D9F}.Release|ARM.Build.0 = Release|Any CPU
		{696291E0-BD84-47B9-8375-4907394F4D9F}.Release|ARM64.ActiveCfg = Release|Any CPU
		{696291E0-BD84-47B9-8375-4907394F4D9F}.Release|ARM64.Build.0 = Release|Any CPU
		{696291E0-BD84-47B9-8375-4907394F4D9F}.Release|iPhone.ActiveCfg = Release|Any CPU
		{696291E0-BD84-47B9-8375-4907394F4D9F}.Release|iPhone.Build.0 = Release|Any CPU
		{696291E0-BD84-47B9-8375-4907394F4D9F}.Release|iPhoneSimulator.ActiveCfg = Release|Any CPU
		{696291E0-BD84-47B9-8375-4907394F4D9F}.Release|iPhoneSimulator.Build.0 = Release|Any CPU
		{696291E0-BD84-47B9-8375-4907394F4D9F}.Release|x64.ActiveCfg = Release|Any CPU
		{696291E0-BD84-47B9-8375-4907394F4D9F}.Release|x64.Build.0 = Release|Any CPU
		{696291E0-BD84-47B9-8375-4907394F4D9F}.Release|x86.ActiveCfg = Release|Any CPU
		{696291E0-BD84-47B9-8375-4907394F4D9F}.Release|x86.Build.0 = Release|Any CPU
	EndGlobalSection
	GlobalSection(SolutionProperties) = preSolution
		HideSolutionNode = FALSE
	EndGlobalSection
	GlobalSection(NestedProjects) = preSolution
		{643478CD-8D05-4B7D-BA25-106AEDA055FF} = {D8E3FA75-B29B-4990-B6F4-378A4A69FAE7}
		{86FD5D66-BFC9-4AA5-B536-A5569844468D} = {D8E3FA75-B29B-4990-B6F4-378A4A69FAE7}
		{6DFE52B3-9554-4120-99A5-7E2AF1FA290A} = {D8E3FA75-B29B-4990-B6F4-378A4A69FAE7}
		{B59A51ED-F95E-4C28-A7D1-38F9097DA6E3} = {D8E3FA75-B29B-4990-B6F4-378A4A69FAE7}
		{E6DB49DB-1682-4DEF-B9BA-C6300C269CF9} = {D8E3FA75-B29B-4990-B6F4-378A4A69FAE7}
		{2B155F39-A2EB-46D7-B9A9-6D29C397530E} = {D8E3FA75-B29B-4990-B6F4-378A4A69FAE7}
		{C4DF7DB3-11F8-4D7A-8500-84A3E208A5C4} = {D8E3FA75-B29B-4990-B6F4-378A4A69FAE7}
		{2D07019A-15CC-4915-B249-9CC27EE604ED} = {D8E3FA75-B29B-4990-B6F4-378A4A69FAE7}
		{B6F2515D-18DB-415D-8694-293AAF74BBB7} = {D8E3FA75-B29B-4990-B6F4-378A4A69FAE7}
	EndGlobalSection
	GlobalSection(ExtensibilityGlobals) = postSolution
		SolutionGuid = {6EE2E023-50BA-4018-856B-9BACAC7A9EAB}
	EndGlobalSection
EndGlobal
